
Microsoft Visual Studio Solution File, Format Version 12.00
# Visual Studio Version 17
VisualStudioVersion = 17.13.35825.156 d17.13
MinimumVisualStudioVersion = 10.0.40219.1
Project("{FAE04EC0-301F-11D3-BF4B-00C04F79EFBC}") = "MansehraPaintHouse.Core", "MansehraPaintHouse.Core\MansehraPaintHouse.Core.csproj", "{D5A82D68-C4FA-4B63-A7C1-72D86E793A85}"
EndProject
Project("{FAE04EC0-301F-11D3-BF4B-00C04F79EFBC}") = "MansehraPaintHouse.Infrastructure", "MansehraPaintHouse.Infrastructure\MansehraPaintHouse.Infrastructure.csproj", "{EE50F759-5553-4346-BAD4-97E6D6EDBD91}"
EndProject
Project("{FAE04EC0-301F-11D3-BF4B-00C04F79EFBC}") = "MansehraPaintHouse.Admin", "MansehraPaintHouse.Admin\MansehraPaintHouse.Admin.csproj", "{2B1500D8-6B18-4F65-AD1D-D7094AAB8A58}"
EndProject
Project("{FAE04EC0-301F-11D3-BF4B-00C04F79EFBC}") = "MansehraPaintHouse.Client", "MansehraPaintHouse.Client\MansehraPaintHouse.Client.csproj", "{1ED068A2-B4CA-4879-8E24-E37A21EC1C4A}"
EndProject
Project("{FAE04EC0-301F-11D3-BF4B-00C04F79EFBC}") = "MansehraPaintHouse.API", "MansehraPaintHouse.API\MansehraPaintHouse.API.csproj", "{9BF63479-4276-45FC-B054-38ED20767FA3}"
EndProject
Global
	GlobalSection(SolutionConfigurationPlatforms) = preSolution
		Debug|Any CPU = Debug|Any CPU
		Release|Any CPU = Release|Any CPU
	EndGlobalSection
	GlobalSection(ProjectConfigurationPlatforms) = postSolution
		{D5A82D68-C4FA-4B63-A7C1-72D86E793A85}.Debug|Any CPU.ActiveCfg = Debug|Any CPU
		{D5A82D68-C4FA-4B63-A7C1-72D86E793A85}.Debug|Any CPU.Build.0 = Debug|Any CPU
		{D5A82D68-C4FA-4B63-A7C1-72D86E793A85}.Release|Any CPU.ActiveCfg = Release|Any CPU
		{D5A82D68-C4FA-4B63-A7C1-72D86E793A85}.Release|Any CPU.Build.0 = Release|Any CPU
		{EE50F759-5553-4346-BAD4-97E6D6EDBD91}.Debug|Any CPU.ActiveCfg = Debug|Any CPU
		{EE50F759-5553-4346-BAD4-97E6D6EDBD91}.Debug|Any CPU.Build.0 = Debug|Any CPU
		{EE50F759-5553-4346-BAD4-97E6D6EDBD91}.Release|Any CPU.ActiveCfg = Release|Any CPU
		{EE50F759-5553-4346-BAD4-97E6D6EDBD91}.Release|Any CPU.Build.0 = Release|Any CPU
		{2B1500D8-6B18-4F65-AD1D-D7094AAB8A58}.Debug|Any CPU.ActiveCfg = Debug|Any CPU
		{2B1500D8-6B18-4F65-AD1D-D7094AAB8A58}.Debug|Any CPU.Build.0 = Debug|Any CPU
		{2B1500D8-6B18-4F65-AD1D-D7094AAB8A58}.Release|Any CPU.ActiveCfg = Release|Any CPU
		{2B1500D8-6B18-4F65-AD1D-D7094AAB8A58}.Release|Any CPU.Build.0 = Release|Any CPU
		{1ED068A2-B4CA-4879-8E24-E37A21EC1C4A}.Debug|Any CPU.ActiveCfg = Debug|Any CPU
		{1ED068A2-B4CA-4879-8E24-E37A21EC1C4A}.Debug|Any CPU.Build.0 = Debug|Any CPU
		{1ED068A2-B4CA-4879-8E24-E37A21EC1C4A}.Release|Any CPU.ActiveCfg = Release|Any CPU
		{1ED068A2-B4CA-4879-8E24-E37A21EC1C4A}.Release|Any CPU.Build.0 = Release|Any CPU
		{9BF63479-4276-45FC-B054-38ED20767FA3}.Debug|Any CPU.ActiveCfg = Debug|Any CPU
		{9BF63479-4276-45FC-B054-38ED20767FA3}.Debug|Any CPU.Build.0 = Debug|Any CPU
		{9BF63479-4276-45FC-B054-38ED20767FA3}.Release|Any CPU.ActiveCfg = Release|Any CPU
		{9BF63479-4276-45FC-B054-38ED20767FA3}.Release|Any CPU.Build.0 = Release|Any CPU
	EndGlobalSection
	GlobalSection(SolutionProperties) = preSolution
		HideSolutionNode = FALSE
	EndGlobalSection
	GlobalSection(ExtensibilityGlobals) = postSolution
		SolutionGuid = {F28B80CA-95A2-4F44-A5B6-7ECDA760E773}
	EndGlobalSection
EndGlobal
